
Microsoft Visual Studio Solution File, Format Version 12.00
# Visual Studio 15
VisualStudioVersion = 15.0.27428.2027
MinimumVisualStudioVersion = 10.0.40219.1
Project("{9A19103F-16F7-4668-BE54-9A1E7A4F7556}") = "AMLUnpacker", "AMLUnpacker\AMLUnpacker.csproj", "{AAF8C8A6-8878-478B-B7B2-1A2720304C68}"
EndProject
Project("{FAE04EC0-301F-11D3-BF4B-00C04F79EFBC}") = "AMLUnpackerExecutable", "AMLUnpackerExecutable\AMLUnpackerExecutable.csproj", "{8468C89E-C846-469A-93F0-312861E5C4D2}"
EndProject
Global
	GlobalSection(SolutionConfigurationPlatforms) = preSolution
		Debug|Any CPU = Debug|Any CPU
		Release|Any CPU = Release|Any CPU
	EndGlobalSection
	GlobalSection(ProjectConfigurationPlatforms) = postSolution
		{AAF8C8A6-8878-478B-B7B2-1A2720304C68}.Debug|Any CPU.ActiveCfg = Debug|Any CPU
		{AAF8C8A6-8878-478B-B7B2-1A2720304C68}.Debug|Any CPU.Build.0 = Debug|Any CPU
		{AAF8C8A6-8878-478B-B7B2-1A2720304C68}.Release|Any CPU.ActiveCfg = Release|Any CPU
		{AAF8C8A6-8878-478B-B7B2-1A2720304C68}.Release|Any CPU.Build.0 = Release|Any CPU
		{8468C89E-C846-469A-93F0-312861E5C4D2}.Debug|Any CPU.ActiveCfg = Debug|Any CPU
		{8468C89E-C846-469A-93F0-312861E5C4D2}.Debug|Any CPU.Build.0 = Debug|Any CPU
		{8468C89E-C846-469A-93F0-312861E5C4D2}.Release|Any CPU.ActiveCfg = Release|Any CPU
		{8468C89E-C846-469A-93F0-312861E5C4D2}.Release|Any CPU.Build.0 = Release|Any CPU
	EndGlobalSection
	GlobalSection(SolutionProperties) = preSolution
		HideSolutionNode = FALSE
	EndGlobalSection
	GlobalSection(ExtensibilityGlobals) = postSolution
		SolutionGuid = {DA573296-50EB-4480-B347-2DD060C66736}
	EndGlobalSection
EndGlobal
